
Microsoft Visual Studio Solution File, Format Version 12.00
# Visual Studio 2013
VisualStudioVersion = 12.0.30723.0
MinimumVisualStudioVersion = 10.0.40219.1
Project("{FAE04EC0-301F-11D3-BF4B-00C04F79EFBC}") = "Centrig", "Centrig\Centrig.csproj", "{6CC34194-6977-4DF3-B24F-92CFB0FDEEE7}"
EndProject
Project("{FAE04EC0-301F-11D3-BF4B-00C04F79EFBC}") = "Centrig.Tests", "Centrig.Tests\Centrig.Tests.csproj", "{AE7A6A91-33F7-4FCC-AF5B-C426E8D4857D}"
EndProject
Global
	GlobalSection(SolutionConfigurationPlatforms) = preSolution
		Debug|Any CPU = Debug|Any CPU
		Release|Any CPU = Release|Any CPU
	EndGlobalSection
	GlobalSection(ProjectConfigurationPlatforms) = postSolution
		{6CC34194-6977-4DF3-B24F-92CFB0FDEEE7}.Debug|Any CPU.ActiveCfg = Debug|Any CPU
		{6CC34194-6977-4DF3-B24F-92CFB0FDEEE7}.Debug|Any CPU.Build.0 = Debug|Any CPU
		{6CC34194-6977-4DF3-B24F-92CFB0FDEEE7}.Release|Any CPU.ActiveCfg = Release|Any CPU
		{6CC34194-6977-4DF3-B24F-92CFB0FDEEE7}.Release|Any CPU.Build.0 = Release|Any CPU
		{AE7A6A91-33F7-4FCC-AF5B-C426E8D4857D}.Debug|Any CPU.ActiveCfg = Debug|Any CPU
		{AE7A6A91-33F7-4FCC-AF5B-C426E8D4857D}.Debug|Any CPU.Build.0 = Debug|Any CPU
		{AE7A6A91-33F7-4FCC-AF5B-C426E8D4857D}.Release|Any CPU.ActiveCfg = Release|Any CPU
		{AE7A6A91-33F7-4FCC-AF5B-C426E8D4857D}.Release|Any CPU.Build.0 = Release|Any CPU
	EndGlobalSection
	GlobalSection(SolutionProperties) = preSolution
		HideSolutionNode = FALSE
	EndGlobalSection
EndGlobal
